
Microsoft Visual Studio Solution File, Format Version 12.00
# Visual Studio Version 16
VisualStudioVersion = 16.0.29230.47
MinimumVisualStudioVersion = 10.0.40219.1
Project("{9A19103F-16F7-4668-BE54-9A1E7A4F7556}") = "LexicalAnalyzer", "LexicalAnalyzer\LexicalAnalyzer.csproj", "{81CB5BC5-1865-4EBF-A149-B1D1EECE4058}"
EndProject
Global
	GlobalSection(SolutionConfigurationPlatforms) = preSolution
		Debug|Any CPU = Debug|Any CPU
		Release|Any CPU = Release|Any CPU
	EndGlobalSection
	GlobalSection(ProjectConfigurationPlatforms) = postSolution
		{81CB5BC5-1865-4EBF-A149-B1D1EECE4058}.Debug|Any CPU.ActiveCfg = Debug|Any CPU
		{81CB5BC5-1865-4EBF-A149-B1D1EECE4058}.Debug|Any CPU.Build.0 = Debug|Any CPU
		{81CB5BC5-1865-4EBF-A149-B1D1EECE4058}.Release|Any CPU.ActiveCfg = Release|Any CPU
		{81CB5BC5-1865-4EBF-A149-B1D1EECE4058}.Release|Any CPU.Build.0 = Release|Any CPU
	EndGlobalSection
	GlobalSection(SolutionProperties) = preSolution
		HideSolutionNode = FALSE
	EndGlobalSection
	GlobalSection(ExtensibilityGlobals) = postSolution
		SolutionGuid = {B5CAF51A-7A93-4D6C-A42A-9C37F446DF6E}
	EndGlobalSection
EndGlobal
